// !$*UTF8*$!
{
	archiveVersion = 1;
	classes = {
	};
	objectVersion = 60;
	objects = {

/* Begin PBXBuildFile section */
		5EE900000000000000000021 /* SweepApp.swift in Sources */ = {isa = PBXBuildFile; fileRef = 5EE900000000000000000001 /* SweepApp.swift */; };
		5EE900000000000000000022 /* ByteFormat.swift in Sources */ = {isa = PBXBuildFile; fileRef = 5EE900000000000000000002 /* ByteFormat.swift */; };
		5EE900000000000000000075 /* ByteFormat.swift in Sources */ = {isa = PBXBuildFile; fileRef = 5EE900000000000000000002 /* ByteFormat.swift */; };
		5EE900000000000000000023 /* SWPItem.swift in Sources */ = {isa = PBXBuildFile; fileRef = 5EE900000000000000000003 /* SWPItem.swift */; };
		5EE900000000000000000076 /* SWPItem.swift in Sources */ = {isa = PBXBuildFile; fileRef = 5EE900000000000000000003 /* SWPItem.swift */; };
		5EE900000000000000000024 /* SafetyPolicy.swift in Sources */ = {isa = PBXBuildFile; fileRef = 5EE900000000000000000004 /* SafetyPolicy.swift */; };
		5EE900000000000000000077 /* SafetyPolicy.swift in Sources */ = {isa = PBXBuildFile; fileRef = 5EE900000000000000000004 /* SafetyPolicy.swift */; };
		5EE900000000000000000025 /* AppInventory.swift in Sources */ = {isa = PBXBuildFile; fileRef = 5EE900000000000000000005 /* AppInventory.swift */; };
		5EE900000000000000000079 /* AppInventory.swift in Sources */ = {isa = PBXBuildFile; fileRef = 5EE900000000000000000005 /* AppInventory.swift */; };
		5EE900000000000000000026 /* OrphanScanner.swift in Sources */ = {isa = PBXBuildFile; fileRef = 5EE900000000000000000006 /* OrphanScanner.swift */; };
		5EE90000000000000000007A /* OrphanScanner.swift in Sources */ = {isa = PBXBuildFile; fileRef = 5EE900000000000000000006 /* OrphanScanner.swift */; };
		5EE900000000000000000027 /* JunkScanner.swift in Sources */ = {isa = PBXBuildFile; fileRef = 5EE900000000000000000007 /* JunkScanner.swift */; };
		5EE90000000000000000007B /* JunkScanner.swift in Sources */ = {isa = PBXBuildFile; fileRef = 5EE900000000000000000007 /* JunkScanner.swift */; };
		5EE900000000000000000028 /* StartupScanner.swift in Sources */ = {isa = PBXBuildFile; fileRef = 5EE900000000000000000008 /* StartupScanner.swift */; };
		5EE90000000000000000007C /* StartupScanner.swift in Sources */ = {isa = PBXBuildFile; fileRef = 5EE900000000000000000008 /* StartupScanner.swift */; };
		5EE900000000000000000029 /* ScanEngine.swift in Sources */ = {isa = PBXBuildFile; fileRef = 5EE900000000000000000009 /* ScanEngine.swift */; };
		5EE90000000000000000002A /* RemovalService.swift in Sources */ = {isa = PBXBuildFile; fileRef = 5EE90000000000000000000A /* RemovalService.swift */; };
		5EE90000000000000000002B /* InstalledApps.swift in Sources */ = {isa = PBXBuildFile; fileRef = 5EE90000000000000000000B /* InstalledApps.swift */; };
		5EE90000000000000000007D /* InstalledApps.swift in Sources */ = {isa = PBXBuildFile; fileRef = 5EE90000000000000000000B /* InstalledApps.swift */; };
		5EE90000000000000000002C /* ResidueFinder.swift in Sources */ = {isa = PBXBuildFile; fileRef = 5EE90000000000000000000C /* ResidueFinder.swift */; };
		5EE90000000000000000007E /* ResidueFinder.swift in Sources */ = {isa = PBXBuildFile; fileRef = 5EE90000000000000000000C /* ResidueFinder.swift */; };
		5EE90000000000000000002D /* UninstallStore.swift in Sources */ = {isa = PBXBuildFile; fileRef = 5EE90000000000000000000D /* UninstallStore.swift */; };
		5EE90000000000000000005F /* Diagnostics.swift in Sources */ = {isa = PBXBuildFile; fileRef = 5EE90000000000000000005E /* Diagnostics.swift */; };
		5EE90000000000000000005D /* IgnoreList.swift in Sources */ = {isa = PBXBuildFile; fileRef = 5EE90000000000000000005C /* IgnoreList.swift */; };
		5EE900000000000000000080 /* TrashWatcher.swift in Sources */ = {isa = PBXBuildFile; fileRef = 5EE90000000000000000007F /* TrashWatcher.swift */; };
		5EE900000000000000000069 /* Settings.swift in Sources */ = {isa = PBXBuildFile; fileRef = 5EE900000000000000000068 /* Settings.swift */; };
		5EE900000000000000000078 /* Settings.swift in Sources */ = {isa = PBXBuildFile; fileRef = 5EE900000000000000000068 /* Settings.swift */; };
		5EE90000000000000000002E /* SWPTheme.swift in Sources */ = {isa = PBXBuildFile; fileRef = 5EE90000000000000000000E /* SWPTheme.swift */; };
		5EE90000000000000000002F /* Components.swift in Sources */ = {isa = PBXBuildFile; fileRef = 5EE90000000000000000000F /* Components.swift */; };
		5EE900000000000000000030 /* SweepRing.swift in Sources */ = {isa = PBXBuildFile; fileRef = 5EE900000000000000000010 /* SweepRing.swift */; };
		5EE900000000000000000031 /* RootView.swift in Sources */ = {isa = PBXBuildFile; fileRef = 5EE900000000000000000011 /* RootView.swift */; };
		5EE900000000000000000032 /* SidebarView.swift in Sources */ = {isa = PBXBuildFile; fileRef = 5EE900000000000000000012 /* SidebarView.swift */; };
		5EE900000000000000000033 /* ScanHeroView.swift in Sources */ = {isa = PBXBuildFile; fileRef = 5EE900000000000000000013 /* ScanHeroView.swift */; };
		5EE900000000000000000034 /* ResultsView.swift in Sources */ = {isa = PBXBuildFile; fileRef = 5EE900000000000000000014 /* ResultsView.swift */; };
		5EE900000000000000000035 /* GroupRowView.swift in Sources */ = {isa = PBXBuildFile; fileRef = 5EE900000000000000000015 /* GroupRowView.swift */; };
		5EE900000000000000000036 /* ConfirmSheet.swift in Sources */ = {isa = PBXBuildFile; fileRef = 5EE900000000000000000016 /* ConfirmSheet.swift */; };
		5EE900000000000000000037 /* UninstallView.swift in Sources */ = {isa = PBXBuildFile; fileRef = 5EE900000000000000000017 /* UninstallView.swift */; };
		5EE900000000000000000038 /* AboutView.swift in Sources */ = {isa = PBXBuildFile; fileRef = 5EE900000000000000000018 /* AboutView.swift */; };
		5EE900000000000000000066 /* SettingsView.swift in Sources */ = {isa = PBXBuildFile; fileRef = 5EE900000000000000000065 /* SettingsView.swift */; };
		5EE90000000000000000006C /* main.swift in Sources */ = {isa = PBXBuildFile; fileRef = 5EE90000000000000000006B /* main.swift */; };
		5EE900000000000000000039 /* Assets.xcassets in Resources */ = {isa = PBXBuildFile; fileRef = 5EE90000000000000000001E /* Assets.xcassets */; };
		5EE900000000000000000082 /* Localizable.xcstrings in Resources */ = {isa = PBXBuildFile; fileRef = 5EE900000000000000000081 /* Localizable.xcstrings */; };
		5EE90000000000000000003A /* SafetyPolicyTests.swift in Sources */ = {isa = PBXBuildFile; fileRef = 5EE900000000000000000019 /* SafetyPolicyTests.swift */; };
		5EE90000000000000000003B /* MatchingTests.swift in Sources */ = {isa = PBXBuildFile; fileRef = 5EE90000000000000000001A /* MatchingTests.swift */; };
		5EE900000000000000000063 /* ImprovementTests.swift in Sources */ = {isa = PBXBuildFile; fileRef = 5EE900000000000000000062 /* ImprovementTests.swift */; };
		5EE90000000000000000003C /* UninstallTests.swift in Sources */ = {isa = PBXBuildFile; fileRef = 5EE90000000000000000001B /* UninstallTests.swift */; };
		5EE90000000000000000003D /* SafetyPolicy.swift in Sources */ = {isa = PBXBuildFile; fileRef = 5EE900000000000000000004 /* SafetyPolicy.swift */; };
		5EE90000000000000000003E /* SWPItem.swift in Sources */ = {isa = PBXBuildFile; fileRef = 5EE900000000000000000003 /* SWPItem.swift */; };
		5EE90000000000000000003F /* ByteFormat.swift in Sources */ = {isa = PBXBuildFile; fileRef = 5EE900000000000000000002 /* ByteFormat.swift */; };
		5EE900000000000000000040 /* AppInventory.swift in Sources */ = {isa = PBXBuildFile; fileRef = 5EE900000000000000000005 /* AppInventory.swift */; };
		5EE900000000000000000041 /* RemovalService.swift in Sources */ = {isa = PBXBuildFile; fileRef = 5EE90000000000000000000A /* RemovalService.swift */; };
		5EE900000000000000000042 /* InstalledApps.swift in Sources */ = {isa = PBXBuildFile; fileRef = 5EE90000000000000000000B /* InstalledApps.swift */; };
		5EE900000000000000000043 /* ResidueFinder.swift in Sources */ = {isa = PBXBuildFile; fileRef = 5EE90000000000000000000C /* ResidueFinder.swift */; };
/* End PBXBuildFile section */

/* Begin PBXFileReference section */
		5EE900000000000000000001 /* SweepApp.swift */ = {isa = PBXFileReference; lastKnownFileType = sourcecode.swift; path = SweepApp.swift; sourceTree = "<group>"; };
		5EE900000000000000000002 /* ByteFormat.swift */ = {isa = PBXFileReference; lastKnownFileType = sourcecode.swift; path = ByteFormat.swift; sourceTree = "<group>"; };
		5EE900000000000000000003 /* SWPItem.swift */ = {isa = PBXFileReference; lastKnownFileType = sourcecode.swift; path = SWPItem.swift; sourceTree = "<group>"; };
		5EE900000000000000000004 /* SafetyPolicy.swift */ = {isa = PBXFileReference; lastKnownFileType = sourcecode.swift; path = SafetyPolicy.swift; sourceTree = "<group>"; };
		5EE900000000000000000005 /* AppInventory.swift */ = {isa = PBXFileReference; lastKnownFileType = sourcecode.swift; path = AppInventory.swift; sourceTree = "<group>"; };
		5EE900000000000000000006 /* OrphanScanner.swift */ = {isa = PBXFileReference; lastKnownFileType = sourcecode.swift; path = OrphanScanner.swift; sourceTree = "<group>"; };
		5EE900000000000000000007 /* JunkScanner.swift */ = {isa = PBXFileReference; lastKnownFileType = sourcecode.swift; path = JunkScanner.swift; sourceTree = "<group>"; };
		5EE900000000000000000008 /* StartupScanner.swift */ = {isa = PBXFileReference; lastKnownFileType = sourcecode.swift; path = StartupScanner.swift; sourceTree = "<group>"; };
		5EE900000000000000000067 /* StartupScanner.swift in Sources */ = {isa = PBXBuildFile; fileRef = 5EE900000000000000000008 /* StartupScanner.swift */; };
		5EE900000000000000000009 /* ScanEngine.swift */ = {isa = PBXFileReference; lastKnownFileType = sourcecode.swift; path = ScanEngine.swift; sourceTree = "<group>"; };
		5EE90000000000000000000A /* RemovalService.swift */ = {isa = PBXFileReference; lastKnownFileType = sourcecode.swift; path = RemovalService.swift; sourceTree = "<group>"; };
		5EE90000000000000000000B /* InstalledApps.swift */ = {isa = PBXFileReference; lastKnownFileType = sourcecode.swift; path = InstalledApps.swift; sourceTree = "<group>"; };
		5EE90000000000000000000C /* ResidueFinder.swift */ = {isa = PBXFileReference; lastKnownFileType = sourcecode.swift; path = ResidueFinder.swift; sourceTree = "<group>"; };
		5EE90000000000000000000D /* UninstallStore.swift */ = {isa = PBXFileReference; lastKnownFileType = sourcecode.swift; path = UninstallStore.swift; sourceTree = "<group>"; };
		5EE90000000000000000005E /* Diagnostics.swift */ = {isa = PBXFileReference; lastKnownFileType = sourcecode.swift; path = Diagnostics.swift; sourceTree = "<group>"; };
		5EE90000000000000000005C /* IgnoreList.swift */ = {isa = PBXFileReference; lastKnownFileType = sourcecode.swift; path = IgnoreList.swift; sourceTree = "<group>"; };
		5EE90000000000000000007F /* TrashWatcher.swift */ = {isa = PBXFileReference; lastKnownFileType = sourcecode.swift; path = TrashWatcher.swift; sourceTree = "<group>"; };
		5EE900000000000000000068 /* Settings.swift */ = {isa = PBXFileReference; lastKnownFileType = sourcecode.swift; path = Settings.swift; sourceTree = "<group>"; };
		5EE90000000000000000006A /* Settings.swift in Sources */ = {isa = PBXBuildFile; fileRef = 5EE900000000000000000068 /* Settings.swift */; };
		5EE90000000000000000000E /* SWPTheme.swift */ = {isa = PBXFileReference; lastKnownFileType = sourcecode.swift; path = SWPTheme.swift; sourceTree = "<group>"; };
		5EE90000000000000000000F /* Components.swift */ = {isa = PBXFileReference; lastKnownFileType = sourcecode.swift; path = Components.swift; sourceTree = "<group>"; };
		5EE900000000000000000010 /* SweepRing.swift */ = {isa = PBXFileReference; lastKnownFileType = sourcecode.swift; path = SweepRing.swift; sourceTree = "<group>"; };
		5EE900000000000000000011 /* RootView.swift */ = {isa = PBXFileReference; lastKnownFileType = sourcecode.swift; path = RootView.swift; sourceTree = "<group>"; };
		5EE900000000000000000012 /* SidebarView.swift */ = {isa = PBXFileReference; lastKnownFileType = sourcecode.swift; path = SidebarView.swift; sourceTree = "<group>"; };
		5EE900000000000000000013 /* ScanHeroView.swift */ = {isa = PBXFileReference; lastKnownFileType = sourcecode.swift; path = ScanHeroView.swift; sourceTree = "<group>"; };
		5EE900000000000000000014 /* ResultsView.swift */ = {isa = PBXFileReference; lastKnownFileType = sourcecode.swift; path = ResultsView.swift; sourceTree = "<group>"; };
		5EE900000000000000000015 /* GroupRowView.swift */ = {isa = PBXFileReference; lastKnownFileType = sourcecode.swift; path = GroupRowView.swift; sourceTree = "<group>"; };
		5EE900000000000000000016 /* ConfirmSheet.swift */ = {isa = PBXFileReference; lastKnownFileType = sourcecode.swift; path = ConfirmSheet.swift; sourceTree = "<group>"; };
		5EE900000000000000000017 /* UninstallView.swift */ = {isa = PBXFileReference; lastKnownFileType = sourcecode.swift; path = UninstallView.swift; sourceTree = "<group>"; };
		5EE900000000000000000018 /* AboutView.swift */ = {isa = PBXFileReference; lastKnownFileType = sourcecode.swift; path = AboutView.swift; sourceTree = "<group>"; };
		5EE900000000000000000065 /* SettingsView.swift */ = {isa = PBXFileReference; lastKnownFileType = sourcecode.swift; path = SettingsView.swift; sourceTree = "<group>"; };
		5EE90000000000000000006B /* main.swift */ = {isa = PBXFileReference; lastKnownFileType = sourcecode.swift; path = main.swift; sourceTree = "<group>"; };
		5EE90000000000000000006D /* sweep */ = {isa = PBXFileReference; explicitFileType = "compiled.mach-o.executable"; includeInIndex = 0; path = sweep; sourceTree = BUILT_PRODUCTS_DIR; };
		5EE900000000000000000019 /* SafetyPolicyTests.swift */ = {isa = PBXFileReference; lastKnownFileType = sourcecode.swift; path = SafetyPolicyTests.swift; sourceTree = "<group>"; };
		5EE90000000000000000001A /* MatchingTests.swift */ = {isa = PBXFileReference; lastKnownFileType = sourcecode.swift; path = MatchingTests.swift; sourceTree = "<group>"; };
		5EE900000000000000000062 /* ImprovementTests.swift */ = {isa = PBXFileReference; lastKnownFileType = sourcecode.swift; path = ImprovementTests.swift; sourceTree = "<group>"; };
		5EE90000000000000000001B /* UninstallTests.swift */ = {isa = PBXFileReference; lastKnownFileType = sourcecode.swift; path = UninstallTests.swift; sourceTree = "<group>"; };
		5EE90000000000000000001C /* Info.plist */ = {isa = PBXFileReference; lastKnownFileType = text.plist.xml; path = Info.plist; sourceTree = "<group>"; };
		5EE90000000000000000001D /* Sweep.entitlements */ = {isa = PBXFileReference; lastKnownFileType = text.plist.entitlements; path = Sweep.entitlements; sourceTree = "<group>"; };
		5EE90000000000000000001E /* Assets.xcassets */ = {isa = PBXFileReference; lastKnownFileType = folder.assetcatalog; path = Assets.xcassets; sourceTree = "<group>"; };
		5EE900000000000000000081 /* Localizable.xcstrings */ = {isa = PBXFileReference; lastKnownFileType = text.json.xcstrings; path = Localizable.xcstrings; sourceTree = "<group>"; };
		5EE90000000000000000001F /* Sweep.app */ = {isa = PBXFileReference; explicitFileType = wrapper.application; includeInIndex = 0; path = Sweep.app; sourceTree = BUILT_PRODUCTS_DIR; };
		5EE900000000000000000020 /* SweepTests.xctest */ = {isa = PBXFileReference; explicitFileType = wrapper.cfbundle; includeInIndex = 0; path = SweepTests.xctest; sourceTree = BUILT_PRODUCTS_DIR; };
/* End PBXFileReference section */

/* Begin PBXFrameworksBuildPhase section */
		5EE900000000000000000072 /* Frameworks */ = {
			isa = PBXFrameworksBuildPhase;
			buildActionMask = 2147483647;
			files = (
			);
			runOnlyForDeploymentPostprocessing = 0;
		};
		5EE90000000000000000004C /* Frameworks */ = {
			isa = PBXFrameworksBuildPhase;
			buildActionMask = 2147483647;
			files = (
			);
			runOnlyForDeploymentPostprocessing = 0;
		};
		5EE90000000000000000004E /* Frameworks */ = {
			isa = PBXFrameworksBuildPhase;
			buildActionMask = 2147483647;
			files = (
			);
			runOnlyForDeploymentPostprocessing = 0;
		};
/* End PBXFrameworksBuildPhase section */

/* Begin PBXGroup section */
		5EE900000000000000000044 = {
			isa = PBXGroup;
			children = (
				5EE900000000000000000045 /* Sweep */,
				5EE900000000000000000048 /* SweepTests */,
				5EE90000000000000000006E /* SweepCLI */,
				5EE900000000000000000049 /* Products */,
			);
			sourceTree = "<group>";
		};
		5EE90000000000000000006E /* SweepCLI */ = {
			isa = PBXGroup;
			children = (
				5EE90000000000000000006B /* main.swift */,
			);
			path = SweepCLI;
			sourceTree = "<group>";
		};
		5EE900000000000000000049 /* Products */ = {
			isa = PBXGroup;
			children = (
				5EE90000000000000000001F /* Sweep.app */,
				5EE900000000000000000020 /* SweepTests.xctest */,
				5EE90000000000000000006D /* sweep */,
			);
			name = Products;
			sourceTree = "<group>";
		};
		5EE900000000000000000045 /* Sweep */ = {
			isa = PBXGroup;
			children = (
				5EE900000000000000000001 /* SweepApp.swift */,
				5EE900000000000000000046 /* Models */,
				5EE900000000000000000047 /* Views */,
				5EE90000000000000000001E /* Assets.xcassets */,
				5EE900000000000000000081 /* Localizable.xcstrings */,
				5EE90000000000000000001C /* Info.plist */,
				5EE90000000000000000001D /* Sweep.entitlements */,
			);
			path = Sweep;
			sourceTree = "<group>";
		};
		5EE900000000000000000046 /* Models */ = {
			isa = PBXGroup;
			children = (
				5EE900000000000000000002 /* ByteFormat.swift */,
				5EE900000000000000000003 /* SWPItem.swift */,
				5EE900000000000000000004 /* SafetyPolicy.swift */,
				5EE900000000000000000005 /* AppInventory.swift */,
				5EE900000000000000000006 /* OrphanScanner.swift */,
				5EE900000000000000000007 /* JunkScanner.swift */,
				5EE900000000000000000008 /* StartupScanner.swift */,
				5EE900000000000000000009 /* ScanEngine.swift */,
				5EE90000000000000000000A /* RemovalService.swift */,
				5EE90000000000000000000B /* InstalledApps.swift */,
				5EE90000000000000000000C /* ResidueFinder.swift */,
				5EE90000000000000000000D /* UninstallStore.swift */,
				5EE90000000000000000005E /* Diagnostics.swift */,
				5EE90000000000000000005C /* IgnoreList.swift */,
				5EE90000000000000000007F /* TrashWatcher.swift */,
				5EE900000000000000000068 /* Settings.swift */,
			);
			path = Models;
			sourceTree = "<group>";
		};
		5EE900000000000000000047 /* Views */ = {
			isa = PBXGroup;
			children = (
				5EE90000000000000000000E /* SWPTheme.swift */,
				5EE90000000000000000000F /* Components.swift */,
				5EE900000000000000000010 /* SweepRing.swift */,
				5EE900000000000000000011 /* RootView.swift */,
				5EE900000000000000000012 /* SidebarView.swift */,
				5EE900000000000000000013 /* ScanHeroView.swift */,
				5EE900000000000000000014 /* ResultsView.swift */,
				5EE900000000000000000015 /* GroupRowView.swift */,
				5EE900000000000000000016 /* ConfirmSheet.swift */,
				5EE900000000000000000017 /* UninstallView.swift */,
				5EE900000000000000000018 /* AboutView.swift */,
				5EE900000000000000000065 /* SettingsView.swift */,
			);
			path = Views;
			sourceTree = "<group>";
		};
		5EE900000000000000000048 /* SweepTests */ = {
			isa = PBXGroup;
			children = (
				5EE900000000000000000019 /* SafetyPolicyTests.swift */,
				5EE90000000000000000001A /* MatchingTests.swift */,
				5EE900000000000000000062 /* ImprovementTests.swift */,
				5EE90000000000000000001B /* UninstallTests.swift */,
			);
			path = SweepTests;
			sourceTree = "<group>";
		};
/* End PBXGroup section */

/* Begin PBXNativeTarget section */
		5EE90000000000000000006F /* SweepCLI */ = {
			isa = PBXNativeTarget;
			buildConfigurationList = 5EE900000000000000000070 /* Build configuration list for PBXNativeTarget "SweepCLI" */;
			buildPhases = (
				5EE900000000000000000071 /* Sources */,
				5EE900000000000000000072 /* Frameworks */,
			);
			buildRules = (
			);
			dependencies = (
			);
			name = SweepCLI;
			productName = sweep;
			productReference = 5EE90000000000000000006D /* sweep */;
			productType = "com.apple.product-type.tool";
		};
		5EE900000000000000000050 /* Sweep */ = {
			isa = PBXNativeTarget;
			buildConfigurationList = 5EE900000000000000000054 /* Build configuration list for PBXNativeTarget "Sweep" */;
			buildPhases = (
				5EE90000000000000000004A /* Sources */,
				5EE90000000000000000004C /* Frameworks */,
				5EE90000000000000000004B /* Resources */,
			);
			buildRules = (
			);
			dependencies = (
			);
			name = Sweep;
			productName = Sweep;
			productReference = 5EE90000000000000000001F /* Sweep.app */;
			productType = "com.apple.product-type.application";
		};
		5EE900000000000000000051 /* SweepTests */ = {
			isa = PBXNativeTarget;
			buildConfigurationList = 5EE900000000000000000055 /* Build configuration list for PBXNativeTarget "SweepTests" */;
			buildPhases = (
				5EE90000000000000000004D /* Sources */,
				5EE90000000000000000004E /* Frameworks */,
				5EE90000000000000000004F /* Resources */,
			);
			buildRules = (
			);
			dependencies = (
			);
			name = SweepTests;
			productName = SweepTests;
			productReference = 5EE900000000000000000020 /* SweepTests.xctest */;
			productType = "com.apple.product-type.bundle.unit-test";
		};
/* End PBXNativeTarget section */

/* Begin PBXProject section */
		5EE900000000000000000052 /* Project object */ = {
			isa = PBXProject;
			attributes = {
				BuildIndependentTargetsInParallel = YES;
				LastSwiftUpdateCheck = 2620;
				LastUpgradeCheck = 2620;
				TargetAttributes = {
					5EE900000000000000000050 = {
						CreatedOnToolsVersion = 26.6;
					};
					5EE900000000000000000051 = {
						CreatedOnToolsVersion = 26.6;
					};
				};
			};
			buildConfigurationList = 5EE900000000000000000053 /* Build configuration list for PBXProject "Sweep" */;
			compatibilityVersion = "Xcode 15.0";
			developmentRegion = en;
			hasScannedForEncodings = 0;
			knownRegions = (
				en,
				Base,
			);
			mainGroup = 5EE900000000000000000044;
			productRefGroup = 5EE900000000000000000049 /* Products */;
			projectDirPath = "";
			projectRoot = "";
			targets = (
				5EE90000000000000000006F /* SweepCLI */,
				5EE900000000000000000050 /* Sweep */,
				5EE900000000000000000051 /* SweepTests */,
			);
		};
/* End PBXProject section */

/* Begin PBXResourcesBuildPhase section */
		5EE90000000000000000004B /* Resources */ = {
			isa = PBXResourcesBuildPhase;
			buildActionMask = 2147483647;
			files = (
				5EE900000000000000000039 /* Assets.xcassets in Resources */,
				5EE900000000000000000082 /* Localizable.xcstrings in Resources */,
			);
			runOnlyForDeploymentPostprocessing = 0;
		};
		5EE90000000000000000004F /* Resources */ = {
			isa = PBXResourcesBuildPhase;
			buildActionMask = 2147483647;
			files = (
			);
			runOnlyForDeploymentPostprocessing = 0;
		};
/* End PBXResourcesBuildPhase section */

/* Begin PBXSourcesBuildPhase section */
		5EE900000000000000000071 /* Sources */ = {
			isa = PBXSourcesBuildPhase;
			buildActionMask = 2147483647;
			files = (
				5EE90000000000000000006C /* main.swift in Sources */,
				5EE900000000000000000075 /* ByteFormat.swift in Sources */,
				5EE900000000000000000076 /* SWPItem.swift in Sources */,
				5EE900000000000000000077 /* SafetyPolicy.swift in Sources */,
				5EE900000000000000000078 /* Settings.swift in Sources */,
				5EE900000000000000000079 /* AppInventory.swift in Sources */,
				5EE90000000000000000007A /* OrphanScanner.swift in Sources */,
				5EE90000000000000000007B /* JunkScanner.swift in Sources */,
				5EE90000000000000000007C /* StartupScanner.swift in Sources */,
				5EE90000000000000000007D /* InstalledApps.swift in Sources */,
				5EE90000000000000000007E /* ResidueFinder.swift in Sources */,
			);
			runOnlyForDeploymentPostprocessing = 0;
		};
		5EE90000000000000000004A /* Sources */ = {
			isa = PBXSourcesBuildPhase;
			buildActionMask = 2147483647;
			files = (
				5EE900000000000000000021 /* SweepApp.swift in Sources */,
				5EE900000000000000000022 /* ByteFormat.swift in Sources */,
				5EE900000000000000000023 /* SWPItem.swift in Sources */,
				5EE900000000000000000024 /* SafetyPolicy.swift in Sources */,
				5EE900000000000000000025 /* AppInventory.swift in Sources */,
				5EE900000000000000000026 /* OrphanScanner.swift in Sources */,
				5EE900000000000000000027 /* JunkScanner.swift in Sources */,
				5EE900000000000000000028 /* StartupScanner.swift in Sources */,
				5EE900000000000000000029 /* ScanEngine.swift in Sources */,
				5EE90000000000000000002A /* RemovalService.swift in Sources */,
				5EE90000000000000000002B /* InstalledApps.swift in Sources */,
				5EE90000000000000000002C /* ResidueFinder.swift in Sources */,
				5EE90000000000000000002D /* UninstallStore.swift in Sources */,
				5EE90000000000000000005F /* Diagnostics.swift in Sources */,
				5EE90000000000000000005D /* IgnoreList.swift in Sources */,
				5EE900000000000000000080 /* TrashWatcher.swift in Sources */,
				5EE900000000000000000069 /* Settings.swift in Sources */,
				5EE90000000000000000002E /* SWPTheme.swift in Sources */,
				5EE90000000000000000002F /* Components.swift in Sources */,
				5EE900000000000000000030 /* SweepRing.swift in Sources */,
				5EE900000000000000000031 /* RootView.swift in Sources */,
				5EE900000000000000000032 /* SidebarView.swift in Sources */,
				5EE900000000000000000033 /* ScanHeroView.swift in Sources */,
				5EE900000000000000000034 /* ResultsView.swift in Sources */,
				5EE900000000000000000035 /* GroupRowView.swift in Sources */,
				5EE900000000000000000036 /* ConfirmSheet.swift in Sources */,
				5EE900000000000000000037 /* UninstallView.swift in Sources */,
				5EE900000000000000000038 /* AboutView.swift in Sources */,
				5EE900000000000000000066 /* SettingsView.swift in Sources */,
			);
			runOnlyForDeploymentPostprocessing = 0;
		};
		5EE90000000000000000004D /* Sources */ = {
			isa = PBXSourcesBuildPhase;
			buildActionMask = 2147483647;
			files = (
				5EE90000000000000000003A /* SafetyPolicyTests.swift in Sources */,
				5EE90000000000000000003B /* MatchingTests.swift in Sources */,
				5EE900000000000000000063 /* ImprovementTests.swift in Sources */,
				5EE90000000000000000003C /* UninstallTests.swift in Sources */,
				5EE90000000000000000003D /* SafetyPolicy.swift in Sources */,
				5EE90000000000000000006A /* Settings.swift in Sources */,
				5EE900000000000000000067 /* StartupScanner.swift in Sources */,
				5EE90000000000000000003E /* SWPItem.swift in Sources */,
				5EE90000000000000000003F /* ByteFormat.swift in Sources */,
				5EE900000000000000000040 /* AppInventory.swift in Sources */,
				5EE900000000000000000041 /* RemovalService.swift in Sources */,
				5EE900000000000000000042 /* InstalledApps.swift in Sources */,
				5EE900000000000000000043 /* ResidueFinder.swift in Sources */,
			);
			runOnlyForDeploymentPostprocessing = 0;
		};
/* End PBXSourcesBuildPhase section */

/* Begin XCBuildConfiguration section */
		5EE900000000000000000073 /* Debug */ = {
			isa = XCBuildConfiguration;
			buildSettings = {
				CODE_SIGN_STYLE = Automatic;
				ENABLE_HARDENED_RUNTIME = YES;
				MACOSX_DEPLOYMENT_TARGET = 15.6;
				PRODUCT_NAME = sweep;
				SDKROOT = macosx;
				SWIFT_VERSION = 6.0;
			};
			name = Debug;
		};
		5EE900000000000000000074 /* Release */ = {
			isa = XCBuildConfiguration;
			buildSettings = {
				CODE_SIGN_STYLE = Automatic;
				ENABLE_HARDENED_RUNTIME = YES;
				MACOSX_DEPLOYMENT_TARGET = 15.6;
				PRODUCT_NAME = sweep;
				SDKROOT = macosx;
				SWIFT_VERSION = 6.0;
			};
			name = Release;
		};
		5EE900000000000000000056 /* Debug */ = {
			isa = XCBuildConfiguration;
			buildSettings = {
				ALWAYS_SEARCH_USER_PATHS = NO;
				CLANG_ANALYZER_NONNULL = YES;
				CLANG_ENABLE_MODULES = YES;
				CLANG_ENABLE_OBJC_ARC = YES;
				CLANG_ENABLE_OBJC_WEAK = YES;
				CLANG_WARN_BLOCK_CAPTURE_AUTORELEASING = YES;
				CLANG_WARN_BOOL_CONVERSION = YES;
				CLANG_WARN_COMMA = YES;
				CLANG_WARN_CONSTANT_CONVERSION = YES;
				CLANG_WARN_DEPRECATED_OBJC_IMPLEMENTATIONS = YES;
				CLANG_WARN_DIRECT_OBJC_ISA_USAGE = YES_ERROR;
				CLANG_WARN_DOCUMENTATION_COMMENTS = YES;
				CLANG_WARN_EMPTY_BODY = YES;
				CLANG_WARN_ENUM_CONVERSION = YES;
				CLANG_WARN_INFINITE_RECURSION = YES;
				CLANG_WARN_INT_CONVERSION = YES;
				CLANG_WARN_NON_LITERAL_NULL_CONVERSION = YES;
				CLANG_WARN_OBJC_LITERAL_CONVERSION = YES;
				CLANG_WARN_OBJC_ROOT_CLASS = YES_ERROR;
				CLANG_WARN_QUOTED_INCLUDE_IN_FRAMEWORK_HEADER = YES;
				CLANG_WARN_RANGE_LOOP_ANALYSIS = YES;
				CLANG_WARN_STRICT_PROTOTYPES = YES;
				CLANG_WARN_SUSPICIOUS_MOVE = YES;
				CLANG_WARN_UNGUARDED_AVAILABILITY = YES_AGGRESSIVE;
				CLANG_WARN_UNREACHABLE_CODE = YES;
				CLANG_WARN__DUPLICATE_METHOD_MATCH = YES;
				CODE_SIGN_STYLE = Automatic;
				COPY_PHASE_STRIP = NO;
				DEAD_CODE_STRIPPING = YES;
				DEBUG_INFORMATION_FORMAT = "dwarf-with-dsym";
				DEVELOPMENT_TEAM = Y67X4P87LT;
				ENABLE_HARDENED_RUNTIME = YES;
				ENABLE_STRICT_OBJC_MSGSEND = YES;
				ENABLE_TESTABILITY = YES;
				ENABLE_USER_SCRIPT_SANDBOXING = YES;
				GCC_C_LANGUAGE_STANDARD = gnu17;
				GCC_DYNAMIC_NO_PIC = NO;
				GCC_NO_COMMON_BLOCKS = YES;
				GCC_OPTIMIZATION_LEVEL = 0;
				GCC_PREPROCESSOR_DEFINITIONS = (
					"DEBUG=1",
					"$(inherited)",
				);
				GCC_WARN_64_TO_32_BIT_CONVERSION = YES;
				GCC_WARN_ABOUT_RETURN_TYPE = YES_ERROR;
				GCC_WARN_UNDECLARED_SELECTOR = YES;
				GCC_WARN_UNINITIALIZED_AUTOS = YES_AGGRESSIVE;
				GCC_WARN_UNUSED_FUNCTION = YES;
				GCC_WARN_UNUSED_VARIABLE = YES;
				LOCALIZATION_PREFERS_STRING_CATALOGS = YES;
				MACOSX_DEPLOYMENT_TARGET = 15.6;
				MTL_ENABLE_DEBUG_INFO = INCLUDE_SOURCE;
				MTL_FAST_MATH = YES;
				ONLY_ACTIVE_ARCH = YES;
				SDKROOT = macosx;
				STRING_CATALOG_GENERATE_SYMBOLS = YES;
				SWIFT_ACTIVE_COMPILATION_CONDITIONS = "DEBUG $(inherited)";
				SWIFT_OPTIMIZATION_LEVEL = "-Onone";
				SWIFT_VERSION = 6.0;
			};
			name = Debug;
		};
		5EE900000000000000000057 /* Release */ = {
			isa = XCBuildConfiguration;
			buildSettings = {
				ALWAYS_SEARCH_USER_PATHS = NO;
				CLANG_ANALYZER_NONNULL = YES;
				CLANG_ENABLE_MODULES = YES;
				CLANG_ENABLE_OBJC_ARC = YES;
				CLANG_ENABLE_OBJC_WEAK = YES;
				CLANG_WARN_BLOCK_CAPTURE_AUTORELEASING = YES;
				CLANG_WARN_BOOL_CONVERSION = YES;
				CLANG_WARN_COMMA = YES;
				CLANG_WARN_CONSTANT_CONVERSION = YES;
				CLANG_WARN_DEPRECATED_OBJC_IMPLEMENTATIONS = YES;
				CLANG_WARN_DIRECT_OBJC_ISA_USAGE = YES_ERROR;
				CLANG_WARN_DOCUMENTATION_COMMENTS = YES;
				CLANG_WARN_EMPTY_BODY = YES;
				CLANG_WARN_ENUM_CONVERSION = YES;
				CLANG_WARN_INFINITE_RECURSION = YES;
				CLANG_WARN_INT_CONVERSION = YES;
				CLANG_WARN_NON_LITERAL_NULL_CONVERSION = YES;
				CLANG_WARN_OBJC_LITERAL_CONVERSION = YES;
				CLANG_WARN_OBJC_ROOT_CLASS = YES_ERROR;
				CLANG_WARN_QUOTED_INCLUDE_IN_FRAMEWORK_HEADER = YES;
				CLANG_WARN_RANGE_LOOP_ANALYSIS = YES;
				CLANG_WARN_STRICT_PROTOTYPES = YES;
				CLANG_WARN_SUSPICIOUS_MOVE = YES;
				CLANG_WARN_UNGUARDED_AVAILABILITY = YES_AGGRESSIVE;
				CLANG_WARN_UNREACHABLE_CODE = YES;
				CLANG_WARN__DUPLICATE_METHOD_MATCH = YES;
				CODE_SIGN_STYLE = Automatic;
				COPY_PHASE_STRIP = NO;
				DEAD_CODE_STRIPPING = YES;
				DEBUG_INFORMATION_FORMAT = "dwarf-with-dsym";
				DEVELOPMENT_TEAM = Y67X4P87LT;
				ENABLE_HARDENED_RUNTIME = YES;
				ENABLE_NS_ASSERTIONS = NO;
				ENABLE_STRICT_OBJC_MSGSEND = YES;
				ENABLE_USER_SCRIPT_SANDBOXING = YES;
				GCC_C_LANGUAGE_STANDARD = gnu17;
				GCC_NO_COMMON_BLOCKS = YES;
				GCC_WARN_64_TO_32_BIT_CONVERSION = YES;
				GCC_WARN_ABOUT_RETURN_TYPE = YES_ERROR;
				GCC_WARN_UNDECLARED_SELECTOR = YES;
				GCC_WARN_UNINITIALIZED_AUTOS = YES_AGGRESSIVE;
				GCC_WARN_UNUSED_FUNCTION = YES;
				GCC_WARN_UNUSED_VARIABLE = YES;
				LOCALIZATION_PREFERS_STRING_CATALOGS = YES;
				MACOSX_DEPLOYMENT_TARGET = 15.6;
				MTL_ENABLE_DEBUG_INFO = NO;
				MTL_FAST_MATH = YES;
				SDKROOT = macosx;
				STRING_CATALOG_GENERATE_SYMBOLS = YES;
				SWIFT_COMPILATION_MODE = wholemodule;
				SWIFT_VERSION = 6.0;
			};
			name = Release;
		};
		5EE900000000000000000058 /* Debug */ = {
			isa = XCBuildConfiguration;
			buildSettings = {
				ASSETCATALOG_COMPILER_APPICON_NAME = AppIcon;
				CODE_SIGN_ENTITLEMENTS = Sweep/Sweep.entitlements;
				COMBINE_HIDPI_IMAGES = YES;
				CURRENT_PROJECT_VERSION = 2;
				ENABLE_APP_SANDBOX = NO;
				GENERATE_INFOPLIST_FILE = NO;
				INFOPLIST_FILE = Sweep/Info.plist;
				INFOPLIST_KEY_CFBundleDisplayName = Sweep;
				INFOPLIST_KEY_LSApplicationCategoryType = "public.app-category.utilities";
				LD_RUNPATH_SEARCH_PATHS = (
					"$(inherited)",
					"@executable_path/../Frameworks",
				);
				MARKETING_VERSION = 1.0.1;
				PRODUCT_BUNDLE_IDENTIFIER = com.gasanache.sweep;
				PRODUCT_NAME = Sweep;
				SWIFT_EMIT_LOC_STRINGS = YES;
			};
			name = Debug;
		};
		5EE900000000000000000059 /* Release */ = {
			isa = XCBuildConfiguration;
			buildSettings = {
				ASSETCATALOG_COMPILER_APPICON_NAME = AppIcon;
				CODE_SIGN_ENTITLEMENTS = Sweep/Sweep.entitlements;
				COMBINE_HIDPI_IMAGES = YES;
				CURRENT_PROJECT_VERSION = 2;
				ENABLE_APP_SANDBOX = NO;
				GENERATE_INFOPLIST_FILE = NO;
				INFOPLIST_FILE = Sweep/Info.plist;
				INFOPLIST_KEY_CFBundleDisplayName = Sweep;
				INFOPLIST_KEY_LSApplicationCategoryType = "public.app-category.utilities";
				LD_RUNPATH_SEARCH_PATHS = (
					"$(inherited)",
					"@executable_path/../Frameworks",
				);
				MARKETING_VERSION = 1.0.1;
				PRODUCT_BUNDLE_IDENTIFIER = com.gasanache.sweep;
				PRODUCT_NAME = Sweep;
				SWIFT_EMIT_LOC_STRINGS = YES;
			};
			name = Release;
		};
		5EE90000000000000000005A /* Debug */ = {
			isa = XCBuildConfiguration;
			buildSettings = {
				ALWAYS_EMBED_SWIFT_STANDARD_LIBRARIES = YES;
				CURRENT_PROJECT_VERSION = 1;
				GENERATE_INFOPLIST_FILE = YES;
				MARKETING_VERSION = 1.0.1;
				PRODUCT_BUNDLE_IDENTIFIER = com.gasanache.sweep.tests;
				PRODUCT_NAME = "$(TARGET_NAME)";
				SWIFT_EMIT_LOC_STRINGS = NO;
			};
			name = Debug;
		};
		5EE90000000000000000005B /* Release */ = {
			isa = XCBuildConfiguration;
			buildSettings = {
				ALWAYS_EMBED_SWIFT_STANDARD_LIBRARIES = YES;
				CURRENT_PROJECT_VERSION = 1;
				GENERATE_INFOPLIST_FILE = YES;
				MARKETING_VERSION = 1.0.1;
				PRODUCT_BUNDLE_IDENTIFIER = com.gasanache.sweep.tests;
				PRODUCT_NAME = "$(TARGET_NAME)";
				SWIFT_EMIT_LOC_STRINGS = NO;
			};
			name = Release;
		};
/* End XCBuildConfiguration section */

/* Begin XCConfigurationList section */
		5EE900000000000000000070 /* Build configuration list for PBXNativeTarget "SweepCLI" */ = {
			isa = XCConfigurationList;
			buildConfigurations = (
				5EE900000000000000000073 /* Debug */,
				5EE900000000000000000074 /* Release */,
			);
			defaultConfigurationIsVisible = 0;
			defaultConfigurationName = Release;
		};
		5EE900000000000000000053 /* Build configuration list for PBXProject "Sweep" */ = {
			isa = XCConfigurationList;
			buildConfigurations = (
				5EE900000000000000000056 /* Debug */,
				5EE900000000000000000057 /* Release */,
			);
			defaultConfigurationIsVisible = 0;
			defaultConfigurationName = Release;
		};
		5EE900000000000000000054 /* Build configuration list for PBXNativeTarget "Sweep" */ = {
			isa = XCConfigurationList;
			buildConfigurations = (
				5EE900000000000000000058 /* Debug */,
				5EE900000000000000000059 /* Release */,
			);
			defaultConfigurationIsVisible = 0;
			defaultConfigurationName = Release;
		};
		5EE900000000000000000055 /* Build configuration list for PBXNativeTarget "SweepTests" */ = {
			isa = XCConfigurationList;
			buildConfigurations = (
				5EE90000000000000000005A /* Debug */,
				5EE90000000000000000005B /* Release */,
			);
			defaultConfigurationIsVisible = 0;
			defaultConfigurationName = Release;
		};
/* End XCConfigurationList section */

	};
	rootObject = 5EE900000000000000000052 /* Project object */;
}
